
Microsoft Visual Studio Solution File, Format Version 12.00
# Visual Studio 14
VisualStudioVersion = 14.0.24720.0
MinimumVisualStudioVersion = 10.0.40219.1
Project("{FAE04EC0-301F-11D3-BF4B-00C04F79EFBC}") = "InterestCalculator", "InterestCalculator\InterestCalculator.csproj", "{ED8F1E70-7DD7-4DA0-8653-02F73CCD122B}"
EndProject
Project("{FAE04EC0-301F-11D3-BF4B-00C04F79EFBC}") = "InterestCalculatorTests", "InterestCalculatorTests\InterestCalculatorTests.csproj", "{001221A9-022D-4B0A-89D9-97C2E1705886}"
EndProject
Global
	GlobalSection(SolutionConfigurationPlatforms) = preSolution
		Debug|Any CPU = Debug|Any CPU
		Release|Any CPU = Release|Any CPU
	EndGlobalSection
	GlobalSection(ProjectConfigurationPlatforms) = postSolution
		{ED8F1E70-7DD7-4DA0-8653-02F73CCD122B}.Debug|Any CPU.ActiveCfg = Debug|Any CPU
		{ED8F1E70-7DD7-4DA0-8653-02F73CCD122B}.Debug|Any CPU.Build.0 = Debug|Any CPU
		{ED8F1E70-7DD7-4DA0-8653-02F73CCD122B}.Release|Any CPU.ActiveCfg = Release|Any CPU
		{ED8F1E70-7DD7-4DA0-8653-02F73CCD122B}.Release|Any CPU.Build.0 = Release|Any CPU
		{001221A9-022D-4B0A-89D9-97C2E1705886}.Debug|Any CPU.ActiveCfg = Debug|Any CPU
		{001221A9-022D-4B0A-89D9-97C2E1705886}.Debug|Any CPU.Build.0 = Debug|Any CPU
		{001221A9-022D-4B0A-89D9-97C2E1705886}.Release|Any CPU.ActiveCfg = Release|Any CPU
		{001221A9-022D-4B0A-89D9-97C2E1705886}.Release|Any CPU.Build.0 = Release|Any CPU
	EndGlobalSection
	GlobalSection(SolutionProperties) = preSolution
		HideSolutionNode = FALSE
	EndGlobalSection
EndGlobal
